
Microsoft Visual Studio Solution File, Format Version 12.00
# Visual Studio Version 16
VisualStudioVersion = 16.0.29709.97
MinimumVisualStudioVersion = 10.0.40219.1
Project("{9A19103F-16F7-4668-BE54-9A1E7A4F7556}") = "ShopCore", ".\ShopCore\ShopCore.csproj", "{0A1F53A5-188E-46AD-99E5-0C4791E8C4A9}"
EndProject
Project("{9A19103F-16F7-4668-BE54-9A1E7A4F7556}") = "Models", ".\Models\Models.csproj", "{3240D174-0E18-4108-A908-1EB5763FADCC}"
EndProject
Project("{9A19103F-16F7-4668-BE54-9A1E7A4F7556}") = "Domain", ".\Domain\Domain.csproj", "{BDBEDE13-9797-4EE0-A09B-786FF459092A}"
EndProject
Project("{9A19103F-16F7-4668-BE54-9A1E7A4F7556}") = "Buisnes", ".\Buisnes\Buisnes.csproj", "{17D82ECB-238A-4204-AAE4-679DDCD7C5A8}"
EndProject
Project("{9A19103F-16F7-4668-BE54-9A1E7A4F7556}") = "Core", ".\Core\Core.csproj", "{AEA1FCE2-D816-408C-A4DA-3C0F8C3D7EB5}"
EndProject
Global
	GlobalSection(SolutionConfigurationPlatforms) = preSolution
		Debug|Any CPU = Debug|Any CPU
		Release|Any CPU = Release|Any CPU
	EndGlobalSection
	GlobalSection(ProjectConfigurationPlatforms) = postSolution
		{0A1F53A5-188E-46AD-99E5-0C4791E8C4A9}.Debug|Any CPU.ActiveCfg = Debug|Any CPU
		{0A1F53A5-188E-46AD-99E5-0C4791E8C4A9}.Debug|Any CPU.Build.0 = Debug|Any CPU
		{0A1F53A5-188E-46AD-99E5-0C4791E8C4A9}.Release|Any CPU.ActiveCfg = Release|Any CPU
		{0A1F53A5-188E-46AD-99E5-0C4791E8C4A9}.Release|Any CPU.Build.0 = Release|Any CPU
		{3240D174-0E18-4108-A908-1EB5763FADCC}.Debug|Any CPU.ActiveCfg = Debug|Any CPU
		{3240D174-0E18-4108-A908-1EB5763FADCC}.Debug|Any CPU.Build.0 = Debug|Any CPU
		{3240D174-0E18-4108-A908-1EB5763FADCC}.Release|Any CPU.ActiveCfg = Release|Any CPU
		{3240D174-0E18-4108-A908-1EB5763FADCC}.Release|Any CPU.Build.0 = Release|Any CPU
		{BDBEDE13-9797-4EE0-A09B-786FF459092A}.Debug|Any CPU.ActiveCfg = Debug|Any CPU
		{BDBEDE13-9797-4EE0-A09B-786FF459092A}.Debug|Any CPU.Build.0 = Debug|Any CPU
		{BDBEDE13-9797-4EE0-A09B-786FF459092A}.Release|Any CPU.ActiveCfg = Release|Any CPU
		{BDBEDE13-9797-4EE0-A09B-786FF459092A}.Release|Any CPU.Build.0 = Release|Any CPU
		{17D82ECB-238A-4204-AAE4-679DDCD7C5A8}.Debug|Any CPU.ActiveCfg = Debug|Any CPU
		{17D82ECB-238A-4204-AAE4-679DDCD7C5A8}.Debug|Any CPU.Build.0 = Debug|Any CPU
		{17D82ECB-238A-4204-AAE4-679DDCD7C5A8}.Release|Any CPU.ActiveCfg = Release|Any CPU
		{17D82ECB-238A-4204-AAE4-679DDCD7C5A8}.Release|Any CPU.Build.0 = Release|Any CPU
		{AEA1FCE2-D816-408C-A4DA-3C0F8C3D7EB5}.Debug|Any CPU.ActiveCfg = Debug|Any CPU
		{AEA1FCE2-D816-408C-A4DA-3C0F8C3D7EB5}.Debug|Any CPU.Build.0 = Debug|Any CPU
		{AEA1FCE2-D816-408C-A4DA-3C0F8C3D7EB5}.Release|Any CPU.ActiveCfg = Release|Any CPU
		{AEA1FCE2-D816-408C-A4DA-3C0F8C3D7EB5}.Release|Any CPU.Build.0 = Release|Any CPU
	EndGlobalSection
	GlobalSection(SolutionProperties) = preSolution
		HideSolutionNode = FALSE
	EndGlobalSection
	GlobalSection(ExtensibilityGlobals) = postSolution
		SolutionGuid = {BE9E0855-B532-4303-9761-B30DF206DA37}
	EndGlobalSection
EndGlobal
